<?xml version="1.0" encoding="utf-8"?>
<Project ToolsVersion="4.0" xmlns="http://schemas.microsoft.com/developer/msbuild/2003">
  <ItemGroup>
    <Filter Include="win32">
      <UniqueIdentifier>{84a8ebd7-7cf0-47f6-b75e-d441df67da40}</UniqueIdentifier>
    </Filter>
    <Filter Include="resource">
      <UniqueIdentifier>{715254bc-d70b-4ec5-bf29-467dd3ace079}</UniqueIdentifier>
    </Filter>
    <Filter Include="src">
      <UniqueIdentifier>{bb6c862e-70e9-49d9-81b7-3829a6f50471}</UniqueIdentifier>
    </Filter>
    <Filter Include="src\Hero">
      <UniqueIdentifier>{bc7e15af-0049-4bed-a303-0f0ddebe642f}</UniqueIdentifier>
    </Filter>
    <Filter Include="src\Scene">
      <UniqueIdentifier>{dd0b2e46-1d20-4be5-9961-a54971705a92}</UniqueIdentifier>
    </Filter>
    <Filter Include="src\Unit">
      <UniqueIdentifier>{653332bf-bbf8-413f-9976-37d016c8924f}</UniqueIdentifier>
    </Filter>
    <Filter Include="src\Controller">
      <UniqueIdentifier>{18316b20-6693-4687-ac5e-686545a3c569}</UniqueIdentifier>
    </Filter>
    <Filter Include="src\Data">
      <UniqueIdentifier>{bff41ce5-db89-4d8f-bb75-ae3562922e14}</UniqueIdentifier>
    </Filter>
    <Filter Include="src\UI">
      <UniqueIdentifier>{75f2a96d-3369-414c-b370-e13fd828932b}</UniqueIdentifier>
    </Filter>
    <Filter Include="src\NetWork">
      <UniqueIdentifier>{aa63dd45-ac79-422b-81e9-5a7447076fe6}</UniqueIdentifier>
    </Filter>
  </ItemGroup>
  <ItemGroup>
    <ClCompile Include="main.cpp">
      <Filter>win32</Filter>
    </ClCompile>
    <ClCompile Include="..\Classes\GameScene.cpp">
      <Filter>src</Filter>
    </ClCompile>
    <ClCompile Include="..\Classes\DaJi.cpp">
      <Filter>src\Hero</Filter>
    </ClCompile>
    <ClCompile Include="..\Classes\HouYi.cpp">
      <Filter>src\Hero</Filter>
    </ClCompile>
    <ClCompile Include="..\Classes\Yase.cpp">
      <Filter>src\Hero</Filter>
    </ClCompile>
    <ClCompile Include="..\Classes\ChooseHeroScene.cpp">
      <Filter>src\Scene</Filter>
    </ClCompile>
    <ClCompile Include="..\Classes\GameModeScene.cpp">
      <Filter>src\Scene</Filter>
    </ClCompile>
    <ClCompile Include="..\Classes\GameOverScene.cpp">
      <Filter>src\Scene</Filter>
    </ClCompile>
    <ClCompile Include="..\Classes\HelloWorldScene.cpp">
      <Filter>src\Scene</Filter>
    </ClCompile>
    <ClCompile Include="..\Classes\unit.cpp">
      <Filter>src\Unit</Filter>
    </ClCompile>
    <ClCompile Include="..\Classes\SettingScene.cpp">
      <Filter>src\Scene</Filter>
    </ClCompile>
    <ClCompile Include="..\Classes\Tower.cpp">
      <Filter>src\Unit</Filter>
    </ClCompile>
    <ClCompile Include="..\Classes\Soldier.cpp">
      <Filter>src\Unit</Filter>
    </ClCompile>
    <ClCompile Include="..\Classes\AppDelegate.cpp">
      <Filter>win32</Filter>
    </ClCompile>
    <ClCompile Include="..\Classes\MouseController.cpp">
      <Filter>src\Controller</Filter>
    </ClCompile>
    <ClCompile Include="..\Classes\unitdata.cpp">
      <Filter>src\Data</Filter>
    </ClCompile>
    <ClCompile Include="..\Classes\ammo.cpp">
      <Filter>src\Unit</Filter>
    </ClCompile>
    <ClCompile Include="..\Classes\Equipment.cpp">
      <Filter>src\UI</Filter>
    </ClCompile>
    <ClCompile Include="..\Classes\Exp.cpp">
      <Filter>src\UI</Filter>
    </ClCompile>
    <ClCompile Include="..\Classes\HP.cpp">
      <Filter>src\UI</Filter>
    </ClCompile>
    <ClCompile Include="..\Classes\Mana.cpp">
      <Filter>src\UI</Filter>
    </ClCompile>
    <ClCompile Include="..\Classes\SocketClient.cpp">
      <Filter>src\NetWork</Filter>
    </ClCompile>
    <ClCompile Include="..\Classes\DajiSkillScene.cpp">
      <Filter>src\Scene</Filter>
    </ClCompile>
    <ClCompile Include="..\Classes\HouyiSkillScene.cpp">
      <Filter>src\Scene</Filter>
    </ClCompile>
    <ClCompile Include="..\Classes\YaseSkillScene.cpp">
      <Filter>src\Scene</Filter>
    </ClCompile>
    <ClCompile Include="..\Classes\DescriptionScene.cpp">
      <Filter>src\Scene</Filter>
    </ClCompile>
  </ItemGroup>
  <ItemGroup>
    <ClInclude Include="main.h">
      <Filter>win32</Filter>
    </ClInclude>
    <ClInclude Include="..\Classes\GameScene.h">
      <Filter>src</Filter>
    </ClInclude>
    <ClInclude Include="..\Classes\DaJi.h">
      <Filter>src\Hero</Filter>
    </ClInclude>
    <ClInclude Include="..\Classes\HouYi.h">
      <Filter>src\Hero</Filter>
    </ClInclude>
    <ClInclude Include="..\Classes\YaSe.h">
      <Filter>src\Hero</Filter>
    </ClInclude>
    <ClInclude Include="..\Classes\ChooseHeroScene.h">
      <Filter>src\Scene</Filter>
    </ClInclude>
    <ClInclude Include="..\Classes\GameModeScene.h">
      <Filter>src\Scene</Filter>
    </ClInclude>
    <ClInclude Include="..\Classes\GameOverScene.h">
      <Filter>src\Scene</Filter>
    </ClInclude>
    <ClInclude Include="..\Classes\HelloWorldScene.h">
      <Filter>src\Scene</Filter>
    </ClInclude>
    <ClInclude Include="..\Classes\unit.h">
      <Filter>src\Unit</Filter>
    </ClInclude>
    <ClInclude Include="..\Classes\SettingScene.h">
      <Filter>src\Scene</Filter>
    </ClInclude>
    <ClInclude Include="..\Classes\Tower.h">
      <Filter>src\Unit</Filter>
    </ClInclude>
    <ClInclude Include="..\Classes\Soldier.h">
      <Filter>src\Unit</Filter>
    </ClInclude>
    <ClInclude Include="..\Classes\AppDelegate.h">
      <Filter>win32</Filter>
    </ClInclude>
    <ClInclude Include="..\Classes\MouseController.h">
      <Filter>src\Controller</Filter>
    </ClInclude>
    <ClInclude Include="..\Classes\unitdata.h">
      <Filter>src\Data</Filter>
    </ClInclude>
    <ClInclude Include="..\Classes\ammo.h">
      <Filter>src\Unit</Filter>
    </ClInclude>
    <ClInclude Include="..\Classes\Equipment.h">
      <Filter>src\UI</Filter>
    </ClInclude>
    <ClInclude Include="..\Classes\Exp.h">
      <Filter>src\UI</Filter>
    </ClInclude>
    <ClInclude Include="..\Classes\HP.h">
      <Filter>src\UI</Filter>
    </ClInclude>
    <ClInclude Include="..\Classes\Mana.h">
      <Filter>src\UI</Filter>
    </ClInclude>
    <ClInclude Include="..\Classes\BaseConnect.h">
      <Filter>src\NetWork</Filter>
    </ClInclude>
    <ClInclude Include="..\Classes\Command.h">
      <Filter>src\NetWork</Filter>
    </ClInclude>
    <ClInclude Include="..\Classes\SocketClient.h">
      <Filter>src\NetWork</Filter>
    </ClInclude>
    <ClInclude Include="..\Classes\DajiSkillScene.h">
      <Filter>src\Scene</Filter>
    </ClInclude>
    <ClInclude Include="..\Classes\HouyiSkillScene.h">
      <Filter>src\Scene</Filter>
    </ClInclude>
    <ClInclude Include="..\Classes\YaseSkillScene.h">
      <Filter>src\Scene</Filter>
    </ClInclude>
    <ClInclude Include="..\Classes\DescriptionScene.h">
      <Filter>src\Scene</Filter>
    </ClInclude>
  </ItemGroup>
  <ItemGroup>
    <ResourceCompile Include="game.rc">
      <Filter>resource</Filter>
    </ResourceCompile>
  </ItemGroup>
</Project>